
Microsoft Visual Studio Solution File, Format Version 12.00
# Visual Studio Version 17
VisualStudioVersion = 17.14.36414.22 d17.14
MinimumVisualStudioVersion = 10.0.40219.1
Project("{FAE04EC0-301F-11D3-BF4B-00C04F79EFBC}") = "Labb 1", "Labb 1\Labb 1.csproj", "{611A4988-5BA5-49C5-A576-8857F4D14323}"
EndProject
Global
	GlobalSection(SolutionConfigurationPlatforms) = preSolution
		Debug|Any CPU = Debug|Any CPU
		Release|Any CPU = Release|Any CPU
	EndGlobalSection
	GlobalSection(ProjectConfigurationPlatforms) = postSolution
		{611A4988-5BA5-49C5-A576-8857F4D14323}.Debug|Any CPU.ActiveCfg = Debug|Any CPU
		{611A4988-5BA5-49C5-A576-8857F4D14323}.Debug|Any CPU.Build.0 = Debug|Any CPU
		{611A4988-5BA5-49C5-A576-8857F4D14323}.Release|Any CPU.ActiveCfg = Release|Any CPU
		{611A4988-5BA5-49C5-A576-8857F4D14323}.Release|Any CPU.Build.0 = Release|Any CPU
	EndGlobalSection
	GlobalSection(SolutionProperties) = preSolution
		HideSolutionNode = FALSE
	EndGlobalSection
	GlobalSection(ExtensibilityGlobals) = postSolution
		SolutionGuid = {7F56E0BA-CCD5-4A14-8B6F-AC7DE3451456}
	EndGlobalSection
EndGlobal
